// !$*UTF8*$!
{
	archiveVersion = 1;
	classes = {
	};
	objectVersion = 46;
	objects = {

/* Begin PBXBuildFile section */
		290A8BC41B57EB9C00E10FA0 /* SXStackLayout.m in Sources */ = {isa = PBXBuildFile; fileRef = 290A8BBF1B57EB9C00E10FA0 /* SXStackLayout.m */; };
		290A8BC51B57EB9C00E10FA0 /* SXLineLayout.m in Sources */ = {isa = PBXBuildFile; fileRef = 290A8BC11B57EB9C00E10FA0 /* SXLineLayout.m */; };
		290A8BC61B57EB9C00E10FA0 /* SXCircleLayout.m in Sources */ = {isa = PBXBuildFile; fileRef = 290A8BC31B57EB9C00E10FA0 /* SXCircleLayout.m */; };
		290A8BCA1B57EBB200E10FA0 /* RootViewController.m in Sources */ = {isa = PBXBuildFile; fileRef = 290A8BC81B57EBB200E10FA0 /* RootViewController.m */; };
		290A8BCB1B57EBB200E10FA0 /* RootViewController.xib in Resources */ = {isa = PBXBuildFile; fileRef = 290A8BC91B57EBB200E10FA0 /* RootViewController.xib */; };
		2913D2E51B57AF3B0039038C /* SearchViewController.m in Sources */ = {isa = PBXBuildFile; fileRef = 2913D2DE1B57AF3B0039038C /* SearchViewController.m */; };
		2913D2E61B57AF3B0039038C /* SearchViewController.xib in Resources */ = {isa = PBXBuildFile; fileRef = 2913D2DF1B57AF3B0039038C /* SearchViewController.xib */; };
		2913D2E71B57AF3B0039038C /* ImageCell.m in Sources */ = {isa = PBXBuildFile; fileRef = 2913D2E11B57AF3B0039038C /* ImageCell.m */; };
		2913D2E81B57AF3B0039038C /* ImageCell.xib in Resources */ = {isa = PBXBuildFile; fileRef = 2913D2E21B57AF3B0039038C /* ImageCell.xib */; };
		2913D2E91B57AF3B0039038C /* SearchRecord.m in Sources */ = {isa = PBXBuildFile; fileRef = 2913D2E41B57AF3B0039038C /* SearchRecord.m */; };
		297017E01B54D6FC00CFB6A7 /* main.m in Sources */ = {isa = PBXBuildFile; fileRef = 297017DF1B54D6FC00CFB6A7 /* main.m */; };
		297017E31B54D6FC00CFB6A7 /* AppDelegate.m in Sources */ = {isa = PBXBuildFile; fileRef = 297017E21B54D6FC00CFB6A7 /* AppDelegate.m */; };
		297017EB1B54D6FC00CFB6A7 /* Images.xcassets in Resources */ = {isa = PBXBuildFile; fileRef = 297017EA1B54D6FC00CFB6A7 /* Images.xcassets */; };
		297017EE1B54D6FC00CFB6A7 /* LaunchScreen.xib in Resources */ = {isa = PBXBuildFile; fileRef = 297017EC1B54D6FC00CFB6A7 /* LaunchScreen.xib */; };
		297017FA1B54D6FC00CFB6A7 /* ios_iStyleTests.m in Sources */ = {isa = PBXBuildFile; fileRef = 297017F91B54D6FC00CFB6A7 /* ios_iStyleTests.m */; };
		2970180B1B54DE6A00CFB6A7 /* MainViewController.m in Sources */ = {isa = PBXBuildFile; fileRef = 297018091B54DE6A00CFB6A7 /* MainViewController.m */; };
		2970180C1B54DE6A00CFB6A7 /* MainViewController.xib in Resources */ = {isa = PBXBuildFile; fileRef = 2970180A1B54DE6A00CFB6A7 /* MainViewController.xib */; };
		297018101B5606B600CFB6A7 /* Collage.m in Sources */ = {isa = PBXBuildFile; fileRef = 2970180F1B5606B600CFB6A7 /* Collage.m */; };
		297018131B560F6D00CFB6A7 /* UIImage+CollagePreview.m in Sources */ = {isa = PBXBuildFile; fileRef = 297018121B560F6D00CFB6A7 /* UIImage+CollagePreview.m */; };
		297018171B562D8100CFB6A7 /* Collages.plist in Resources */ = {isa = PBXBuildFile; fileRef = 297018161B562D8100CFB6A7 /* Collages.plist */; };
		2970181A1B563B1C00CFB6A7 /* CollageElementView.m in Sources */ = {isa = PBXBuildFile; fileRef = 297018191B563B1C00CFB6A7 /* CollageElementView.m */; };
		2970181D1B563C3A00CFB6A7 /* UIView+RelativeFrame.m in Sources */ = {isa = PBXBuildFile; fileRef = 2970181C1B563C3A00CFB6A7 /* UIView+RelativeFrame.m */; };
		29AB0D921B57ED4A00096811 /* SXImageCell.m in Sources */ = {isa = PBXBuildFile; fileRef = 29AB0D901B57ED4A00096811 /* SXImageCell.m */; };
		29AB0D931B57ED4A00096811 /* SXImageCell.xib in Resources */ = {isa = PBXBuildFile; fileRef = 29AB0D911B57ED4A00096811 /* SXImageCell.xib */; };
		29C868DE1B56924900A3F0A9 /* UIView+ImageRender.m in Sources */ = {isa = PBXBuildFile; fileRef = 29C868DD1B56924900A3F0A9 /* UIView+ImageRender.m */; };
		C80AACC8EA8FBFCA0D615495 /* libPods-ios_iStyle.a in Frameworks */ = {isa = PBXBuildFile; fileRef = B7EF99AA41445952EB640269 /* libPods-ios_iStyle.a */; };
/* End PBXBuildFile section */

/* Begin PBXContainerItemProxy section */
		297017F41B54D6FC00CFB6A7 /* PBXContainerItemProxy */ = {
			isa = PBXContainerItemProxy;
			containerPortal = 297017D21B54D6FB00CFB6A7 /* Project object */;
			proxyType = 1;
			remoteGlobalIDString = 297017D91B54D6FC00CFB6A7;
			remoteInfo = ios_iStyle;
		};
/* End PBXContainerItemProxy section */

/* Begin PBXFileReference section */
		0C9DEA7D7BD9A06118FCB841 /* Pods-ios_iStyle.debug.xcconfig */ = {isa = PBXFileReference; includeInIndex = 1; lastKnownFileType = text.xcconfig; name = "Pods-ios_iStyle.debug.xcconfig"; path = "Pods/Target Support Files/Pods-ios_iStyle/Pods-ios_iStyle.debug.xcconfig"; sourceTree = "<group>"; };
		290A8BBE1B57EB9C00E10FA0 /* SXStackLayout.h */ = {isa = PBXFileReference; fileEncoding = 4; lastKnownFileType = sourcecode.c.h; path = SXStackLayout.h; sourceTree = "<group>"; };
		290A8BBF1B57EB9C00E10FA0 /* SXStackLayout.m */ = {isa = PBXFileReference; fileEncoding = 4; lastKnownFileType = sourcecode.c.objc; path = SXStackLayout.m; sourceTree = "<group>"; };
		290A8BC01B57EB9C00E10FA0 /* SXLineLayout.h */ = {isa = PBXFileReference; fileEncoding = 4; lastKnownFileType = sourcecode.c.h; path = SXLineLayout.h; sourceTree = "<group>"; };
		290A8BC11B57EB9C00E10FA0 /* SXLineLayout.m */ = {isa = PBXFileReference; fileEncoding = 4; lastKnownFileType = sourcecode.c.objc; path = SXLineLayout.m; sourceTree = "<group>"; };
		290A8BC21B57EB9C00E10FA0 /* SXCircleLayout.h */ = {isa = PBXFileReference; fileEncoding = 4; lastKnownFileType = sourcecode.c.h; path = SXCircleLayout.h; sourceTree = "<group>"; };
		290A8BC31B57EB9C00E10FA0 /* SXCircleLayout.m */ = {isa = PBXFileReference; fileEncoding = 4; lastKnownFileType = sourcecode.c.objc; path = SXCircleLayout.m; sourceTree = "<group>"; };
		290A8BC71B57EBB200E10FA0 /* RootViewController.h */ = {isa = PBXFileReference; fileEncoding = 4; lastKnownFileType = sourcecode.c.h; path = RootViewController.h; sourceTree = "<group>"; };
		290A8BC81B57EBB200E10FA0 /* RootViewController.m */ = {isa = PBXFileReference; fileEncoding = 4; lastKnownFileType = sourcecode.c.objc; path = RootViewController.m; sourceTree = "<group>"; };
		290A8BC91B57EBB200E10FA0 /* RootViewController.xib */ = {isa = PBXFileReference; fileEncoding = 4; lastKnownFileType = file.xib; path = RootViewController.xib; sourceTree = "<group>"; };
		2913D2DD1B57AF3B0039038C /* SearchViewController.h */ = {isa = PBXFileReference; fileEncoding = 4; lastKnownFileType = sourcecode.c.h; path = SearchViewController.h; sourceTree = "<group>"; };
		2913D2DE1B57AF3B0039038C /* SearchViewController.m */ = {isa = PBXFileReference; fileEncoding = 4; lastKnownFileType = sourcecode.c.objc; path = SearchViewController.m; sourceTree = "<group>"; };
		2913D2DF1B57AF3B0039038C /* SearchViewController.xib */ = {isa = PBXFileReference; fileEncoding = 4; lastKnownFileType = file.xib; path = SearchViewController.xib; sourceTree = "<group>"; };
		2913D2E01B57AF3B0039038C /* ImageCell.h */ = {isa = PBXFileReference; fileEncoding = 4; lastKnownFileType = sourcecode.c.h; path = ImageCell.h; sourceTree = "<group>"; };
		2913D2E11B57AF3B0039038C /* ImageCell.m */ = {isa = PBXFileReference; fileEncoding = 4; lastKnownFileType = sourcecode.c.objc; path = ImageCell.m; sourceTree = "<group>"; };
		2913D2E21B57AF3B0039038C /* ImageCell.xib */ = {isa = PBXFileReference; fileEncoding = 4; lastKnownFileType = file.xib; path = ImageCell.xib; sourceTree = "<group>"; };
		2913D2E31B57AF3B0039038C /* SearchRecord.h */ = {isa = PBXFileReference; fileEncoding = 4; lastKnownFileType = sourcecode.c.h; path = SearchRecord.h; sourceTree = "<group>"; };
		2913D2E41B57AF3B0039038C /* SearchRecord.m */ = {isa = PBXFileReference; fileEncoding = 4; lastKnownFileType = sourcecode.c.objc; path = SearchRecord.m; sourceTree = "<group>"; };
		297017DA1B54D6FC00CFB6A7 /* ios_iStyle.app */ = {isa = PBXFileReference; explicitFileType = wrapper.application; includeInIndex = 0; path = ios_iStyle.app; sourceTree = BUILT_PRODUCTS_DIR; };
		297017DE1B54D6FC00CFB6A7 /* Info.plist */ = {isa = PBXFileReference; lastKnownFileType = text.plist.xml; path = Info.plist; sourceTree = "<group>"; };
		297017DF1B54D6FC00CFB6A7 /* main.m */ = {isa = PBXFileReference; lastKnownFileType = sourcecode.c.objc; path = main.m; sourceTree = "<group>"; };
		297017E11B54D6FC00CFB6A7 /* AppDelegate.h */ = {isa = PBXFileReference; lastKnownFileType = sourcecode.c.h; path = AppDelegate.h; sourceTree = "<group>"; };
		297017E21B54D6FC00CFB6A7 /* AppDelegate.m */ = {isa = PBXFileReference; lastKnownFileType = sourcecode.c.objc; path = AppDelegate.m; sourceTree = "<group>"; };
		297017EA1B54D6FC00CFB6A7 /* Images.xcassets */ = {isa = PBXFileReference; lastKnownFileType = folder.assetcatalog; path = Images.xcassets; sourceTree = "<group>"; };
		297017ED1B54D6FC00CFB6A7 /* Base */ = {isa = PBXFileReference; lastKnownFileType = file.xib; name = Base; path = Base.lproj/LaunchScreen.xib; sourceTree = "<group>"; };
		297017F31B54D6FC00CFB6A7 /* ios_iStyleTests.xctest */ = {isa = PBXFileReference; explicitFileType = wrapper.cfbundle; includeInIndex = 0; path = ios_iStyleTests.xctest; sourceTree = BUILT_PRODUCTS_DIR; };
		297017F81B54D6FC00CFB6A7 /* Info.plist */ = {isa = PBXFileReference; lastKnownFileType = text.plist.xml; path = Info.plist; sourceTree = "<group>"; };
		297017F91B54D6FC00CFB6A7 /* ios_iStyleTests.m */ = {isa = PBXFileReference; lastKnownFileType = sourcecode.c.objc; path = ios_iStyleTests.m; sourceTree = "<group>"; };
		297018081B54DE6A00CFB6A7 /* MainViewController.h */ = {isa = PBXFileReference; fileEncoding = 4; lastKnownFileType = sourcecode.c.h; path = MainViewController.h; sourceTree = "<group>"; };
		297018091B54DE6A00CFB6A7 /* MainViewController.m */ = {isa = PBXFileReference; fileEncoding = 4; lastKnownFileType = sourcecode.c.objc; path = MainViewController.m; sourceTree = "<group>"; };
		2970180A1B54DE6A00CFB6A7 /* MainViewController.xib */ = {isa = PBXFileReference; fileEncoding = 4; lastKnownFileType = file.xib; path = MainViewController.xib; sourceTree = "<group>"; };
		2970180E1B5606B600CFB6A7 /* Collage.h */ = {isa = PBXFileReference; fileEncoding = 4; lastKnownFileType = sourcecode.c.h; path = Collage.h; sourceTree = "<group>"; };
		2970180F1B5606B600CFB6A7 /* Collage.m */ = {isa = PBXFileReference; fileEncoding = 4; lastKnownFileType = sourcecode.c.objc; path = Collage.m; sourceTree = "<group>"; };
		297018111B560F6D00CFB6A7 /* UIImage+CollagePreview.h */ = {isa = PBXFileReference; fileEncoding = 4; lastKnownFileType = sourcecode.c.h; path = "UIImage+CollagePreview.h"; sourceTree = "<group>"; };
		297018121B560F6D00CFB6A7 /* UIImage+CollagePreview.m */ = {isa = PBXFileReference; fileEncoding = 4; lastKnownFileType = sourcecode.c.objc; path = "UIImage+CollagePreview.m"; sourceTree = "<group>"; };
		297018161B562D8100CFB6A7 /* Collages.plist */ = {isa = PBXFileReference; fileEncoding = 4; lastKnownFileType = text.plist.xml; path = Collages.plist; sourceTree = "<group>"; };
		297018181B563B1C00CFB6A7 /* CollageElementView.h */ = {isa = PBXFileReference; fileEncoding = 4; lastKnownFileType = sourcecode.c.h; path = CollageElementView.h; sourceTree = "<group>"; };
		297018191B563B1C00CFB6A7 /* CollageElementView.m */ = {isa = PBXFileReference; fileEncoding = 4; lastKnownFileType = sourcecode.c.objc; path = CollageElementView.m; sourceTree = "<group>"; };
		2970181B1B563C3A00CFB6A7 /* UIView+RelativeFrame.h */ = {isa = PBXFileReference; fileEncoding = 4; lastKnownFileType = sourcecode.c.h; path = "UIView+RelativeFrame.h"; sourceTree = "<group>"; };
		2970181C1B563C3A00CFB6A7 /* UIView+RelativeFrame.m */ = {isa = PBXFileReference; fileEncoding = 4; lastKnownFileType = sourcecode.c.objc; path = "UIView+RelativeFrame.m"; sourceTree = "<group>"; };
		29AB0D8F1B57ED4A00096811 /* SXImageCell.h */ = {isa = PBXFileReference; fileEncoding = 4; lastKnownFileType = sourcecode.c.h; path = SXImageCell.h; sourceTree = "<group>"; };
		29AB0D901B57ED4A00096811 /* SXImageCell.m */ = {isa = PBXFileReference; fileEncoding = 4; lastKnownFileType = sourcecode.c.objc; path = SXImageCell.m; sourceTree = "<group>"; };
		29AB0D911B57ED4A00096811 /* SXImageCell.xib */ = {isa = PBXFileReference; fileEncoding = 4; lastKnownFileType = file.xib; path = SXImageCell.xib; sourceTree = "<group>"; };
		29C868DC1B56924900A3F0A9 /* UIView+ImageRender.h */ = {isa = PBXFileReference; fileEncoding = 4; lastKnownFileType = sourcecode.c.h; path = "UIView+ImageRender.h"; sourceTree = "<group>"; };
		29C868DD1B56924900A3F0A9 /* UIView+ImageRender.m */ = {isa = PBXFileReference; fileEncoding = 4; lastKnownFileType = sourcecode.c.objc; path = "UIView+ImageRender.m"; sourceTree = "<group>"; };
		87A9CEB768B19EFAB2450119 /* Pods-ios_iStyle.release.xcconfig */ = {isa = PBXFileReference; includeInIndex = 1; lastKnownFileType = text.xcconfig; name = "Pods-ios_iStyle.release.xcconfig"; path = "Pods/Target Support Files/Pods-ios_iStyle/Pods-ios_iStyle.release.xcconfig"; sourceTree = "<group>"; };
		B7EF99AA41445952EB640269 /* libPods-ios_iStyle.a */ = {isa = PBXFileReference; explicitFileType = archive.ar; includeInIndex = 0; path = "libPods-ios_iStyle.a"; sourceTree = BUILT_PRODUCTS_DIR; };
/* End PBXFileReference section */

/* Begin PBXFrameworksBuildPhase section */
		297017D71B54D6FC00CFB6A7 /* Frameworks */ = {
			isa = PBXFrameworksBuildPhase;
			buildActionMask = 2147483647;
			files = (
				C80AACC8EA8FBFCA0D615495 /* libPods-ios_iStyle.a in Frameworks */,
			);
			runOnlyForDeploymentPostprocessing = 0;
		};
		297017F01B54D6FC00CFB6A7 /* Frameworks */ = {
			isa = PBXFrameworksBuildPhase;
			buildActionMask = 2147483647;
			files = (
			);
			runOnlyForDeploymentPostprocessing = 0;
		};
/* End PBXFrameworksBuildPhase section */

/* Begin PBXGroup section */
		1DF6DB7E0D110DFCD4FE056D /* Frameworks */ = {
			isa = PBXGroup;
			children = (
				B7EF99AA41445952EB640269 /* libPods-ios_iStyle.a */,
			);
			name = Frameworks;
			sourceTree = "<group>";
		};
		290A8BAF1B57E3DA00E10FA0 /* favorite */ = {
			isa = PBXGroup;
			children = (
				290A8BBE1B57EB9C00E10FA0 /* SXStackLayout.h */,
				290A8BBF1B57EB9C00E10FA0 /* SXStackLayout.m */,
				290A8BC01B57EB9C00E10FA0 /* SXLineLayout.h */,
				290A8BC11B57EB9C00E10FA0 /* SXLineLayout.m */,
				290A8BC21B57EB9C00E10FA0 /* SXCircleLayout.h */,
				290A8BC31B57EB9C00E10FA0 /* SXCircleLayout.m */,
				29AB0D8F1B57ED4A00096811 /* SXImageCell.h */,
				29AB0D901B57ED4A00096811 /* SXImageCell.m */,
				29AB0D911B57ED4A00096811 /* SXImageCell.xib */,
				290A8BC71B57EBB200E10FA0 /* RootViewController.h */,
				290A8BC81B57EBB200E10FA0 /* RootViewController.m */,
				290A8BC91B57EBB200E10FA0 /* RootViewController.xib */,
			);
			name = favorite;
			sourceTree = "<group>";
		};
		2913D2EA1B57AF560039038C /* search */ = {
			isa = PBXGroup;
			children = (
				2913D2DD1B57AF3B0039038C /* SearchViewController.h */,
				2913D2DE1B57AF3B0039038C /* SearchViewController.m */,
				2913D2DF1B57AF3B0039038C /* SearchViewController.xib */,
				2913D2E01B57AF3B0039038C /* ImageCell.h */,
				2913D2E11B57AF3B0039038C /* ImageCell.m */,
				2913D2E21B57AF3B0039038C /* ImageCell.xib */,
				2913D2E31B57AF3B0039038C /* SearchRecord.h */,
				2913D2E41B57AF3B0039038C /* SearchRecord.m */,
			);
			name = search;
			sourceTree = "<group>";
		};
		297017D11B54D6FB00CFB6A7 = {
			isa = PBXGroup;
			children = (
				297017DC1B54D6FC00CFB6A7 /* ios_iStyle */,
				297017F61B54D6FC00CFB6A7 /* ios_iStyleTests */,
				297017DB1B54D6FC00CFB6A7 /* Products */,
				BFC6B2CF6023A47C03108A25 /* Pods */,
				1DF6DB7E0D110DFCD4FE056D /* Frameworks */,
			);
			sourceTree = "<group>";
		};
		297017DB1B54D6FC00CFB6A7 /* Products */ = {
			isa = PBXGroup;
			children = (
				297017DA1B54D6FC00CFB6A7 /* ios_iStyle.app */,
				297017F31B54D6FC00CFB6A7 /* ios_iStyleTests.xctest */,
			);
			name = Products;
			sourceTree = "<group>";
		};
		297017DC1B54D6FC00CFB6A7 /* ios_iStyle */ = {
			isa = PBXGroup;
			children = (
				290A8BAF1B57E3DA00E10FA0 /* favorite */,
				2913D2EA1B57AF560039038C /* search */,
				2970180D1B55140500CFB6A7 /* model */,
				297017E11B54D6FC00CFB6A7 /* AppDelegate.h */,
				297017E21B54D6FC00CFB6A7 /* AppDelegate.m */,
				297017EA1B54D6FC00CFB6A7 /* Images.xcassets */,
				297017EC1B54D6FC00CFB6A7 /* LaunchScreen.xib */,
				297017DD1B54D6FC00CFB6A7 /* Supporting Files */,
				297018081B54DE6A00CFB6A7 /* MainViewController.h */,
				297018161B562D8100CFB6A7 /* Collages.plist */,
				297018091B54DE6A00CFB6A7 /* MainViewController.m */,
				2970180A1B54DE6A00CFB6A7 /* MainViewController.xib */,
				297018111B560F6D00CFB6A7 /* UIImage+CollagePreview.h */,
				297018121B560F6D00CFB6A7 /* UIImage+CollagePreview.m */,
				297018181B563B1C00CFB6A7 /* CollageElementView.h */,
				297018191B563B1C00CFB6A7 /* CollageElementView.m */,
				2970181B1B563C3A00CFB6A7 /* UIView+RelativeFrame.h */,
				2970181C1B563C3A00CFB6A7 /* UIView+RelativeFrame.m */,
				29C868DC1B56924900A3F0A9 /* UIView+ImageRender.h */,
				29C868DD1B56924900A3F0A9 /* UIView+ImageRender.m */,
			);
			path = ios_iStyle;
			sourceTree = "<group>";
		};
		297017DD1B54D6FC00CFB6A7 /* Supporting Files */ = {
			isa = PBXGroup;
			children = (
				297017DE1B54D6FC00CFB6A7 /* Info.plist */,
				297017DF1B54D6FC00CFB6A7 /* main.m */,
			);
			name = "Supporting Files";
			sourceTree = "<group>";
		};
		297017F61B54D6FC00CFB6A7 /* ios_iStyleTests */ = {
			isa = PBXGroup;
			children = (
				297017F91B54D6FC00CFB6A7 /* ios_iStyleTests.m */,
				297017F71B54D6FC00CFB6A7 /* Supporting Files */,
			);
			path = ios_iStyleTests;
			sourceTree = "<group>";
		};
		297017F71B54D6FC00CFB6A7 /* Supporting Files */ = {
			isa = PBXGroup;
			children = (
				297017F81B54D6FC00CFB6A7 /* Info.plist */,
			);
			name = "Supporting Files";
			sourceTree = "<group>";
		};
		2970180D1B55140500CFB6A7 /* model */ = {
			isa = PBXGroup;
			children = (
				2970180E1B5606B600CFB6A7 /* Collage.h */,
				2970180F1B5606B600CFB6A7 /* Collage.m */,
			);
			name = model;
			sourceTree = "<group>";
		};
		BFC6B2CF6023A47C03108A25 /* Pods */ = {
			isa = PBXGroup;
			children = (
				0C9DEA7D7BD9A06118FCB841 /* Pods-ios_iStyle.debug.xcconfig */,
				87A9CEB768B19EFAB2450119 /* Pods-ios_iStyle.release.xcconfig */,
			);
			name = Pods;
			sourceTree = "<group>";
		};
/* End PBXGroup section */

/* Begin PBXNativeTarget section */
		297017D91B54D6FC00CFB6A7 /* ios_iStyle */ = {
			isa = PBXNativeTarget;
			buildConfigurationList = 297017FD1B54D6FC00CFB6A7 /* Build configuration list for PBXNativeTarget "ios_iStyle" */;
			buildPhases = (
				7CFF89B1E930A903560602D2 /* Check Pods Manifest.lock */,
				297017D61B54D6FC00CFB6A7 /* Sources */,
				297017D71B54D6FC00CFB6A7 /* Frameworks */,
				297017D81B54D6FC00CFB6A7 /* Resources */,
				AC021476BBE4CBABD5F1106B /* Copy Pods Resources */,
			);
			buildRules = (
			);
			dependencies = (
			);
			name = ios_iStyle;
			productName = ios_iStyle;
			productReference = 297017DA1B54D6FC00CFB6A7 /* ios_iStyle.app */;
			productType = "com.apple.product-type.application";
		};
		297017F21B54D6FC00CFB6A7 /* ios_iStyleTests */ = {
			isa = PBXNativeTarget;
			buildConfigurationList = 297018001B54D6FC00CFB6A7 /* Build configuration list for PBXNativeTarget "ios_iStyleTests" */;
			buildPhases = (
				297017EF1B54D6FC00CFB6A7 /* Sources */,
				297017F01B54D6FC00CFB6A7 /* Frameworks */,
				297017F11B54D6FC00CFB6A7 /* Resources */,
			);
			buildRules = (
			);
			dependencies = (
				297017F51B54D6FC00CFB6A7 /* PBXTargetDependency */,
			);
			name = ios_iStyleTests;
			productName = ios_iStyleTests;
			productReference = 297017F31B54D6FC00CFB6A7 /* ios_iStyleTests.xctest */;
			productType = "com.apple.product-type.bundle.unit-test";
		};
/* End PBXNativeTarget section */

/* Begin PBXProject section */
		297017D21B54D6FB00CFB6A7 /* Project object */ = {
			isa = PBXProject;
			attributes = {
				LastUpgradeCheck = 0640;
				ORGANIZATIONNAME = "Saker Lin";
				TargetAttributes = {
					297017D91B54D6FC00CFB6A7 = {
						CreatedOnToolsVersion = 6.4;
					};
					297017F21B54D6FC00CFB6A7 = {
						CreatedOnToolsVersion = 6.4;
						TestTargetID = 297017D91B54D6FC00CFB6A7;
					};
				};
			};
			buildConfigurationList = 297017D51B54D6FB00CFB6A7 /* Build configuration list for PBXProject "ios_iStyle" */;
			compatibilityVersion = "Xcode 3.2";
			developmentRegion = English;
			hasScannedForEncodings = 0;
			knownRegions = (
				en,
				Base,
			);
			mainGroup = 297017D11B54D6FB00CFB6A7;
			productRefGroup = 297017DB1B54D6FC00CFB6A7 /* Products */;
			projectDirPath = "";
			projectRoot = "";
			targets = (
				297017D91B54D6FC00CFB6A7 /* ios_iStyle */,
				297017F21B54D6FC00CFB6A7 /* ios_iStyleTests */,
			);
		};
/* End PBXProject section */

/* Begin PBXResourcesBuildPhase section */
		297017D81B54D6FC00CFB6A7 /* Resources */ = {
			isa = PBXResourcesBuildPhase;
			buildActionMask = 2147483647;
			files = (
				297017EE1B54D6FC00CFB6A7 /* LaunchScreen.xib in Resources */,
				2970180C1B54DE6A00CFB6A7 /* MainViewController.xib in Resources */,
				2913D2E81B57AF3B0039038C /* ImageCell.xib in Resources */,
				2913D2E61B57AF3B0039038C /* SearchViewController.xib in Resources */,
				290A8BCB1B57EBB200E10FA0 /* RootViewController.xib in Resources */,
				297018171B562D8100CFB6A7 /* Collages.plist in Resources */,
				29AB0D931B57ED4A00096811 /* SXImageCell.xib in Resources */,
				297017EB1B54D6FC00CFB6A7 /* Images.xcassets in Resources */,
			);
			runOnlyForDeploymentPostprocessing = 0;
		};
		297017F11B54D6FC00CFB6A7 /* Resources */ = {
			isa = PBXResourcesBuildPhase;
			buildActionMask = 2147483647;
			files = (
			);
			runOnlyForDeploymentPostprocessing = 0;
		};
/* End PBXResourcesBuildPhase section */

/* Begin PBXShellScriptBuildPhase section */
		7CFF89B1E930A903560602D2 /* Check Pods Manifest.lock */ = {
			isa = PBXShellScriptBuildPhase;
			buildActionMask = 2147483647;
			files = (
			);
			inputPaths = (
			);
			name = "Check Pods Manifest.lock";
			outputPaths = (
			);
			runOnlyForDeploymentPostprocessing = 0;
			shellPath = /bin/sh;
			shellScript = "diff \"${PODS_ROOT}/../Podfile.lock\" \"${PODS_ROOT}/Manifest.lock\" > /dev/null\nif [[ $? != 0 ]] ; then\n    cat << EOM\nerror: The sandbox is not in sync with the Podfile.lock. Run 'pod install' or update your CocoaPods installation.\nEOM\n    exit 1\nfi\n";
			showEnvVarsInLog = 0;
		};
		AC021476BBE4CBABD5F1106B /* Copy Pods Resources */ = {
			isa = PBXShellScriptBuildPhase;
			buildActionMask = 2147483647;
			files = (
			);
			inputPaths = (
			);
			name = "Copy Pods Resources";
			outputPaths = (
			);
			runOnlyForDeploymentPostprocessing = 0;
			shellPath = /bin/sh;
			shellScript = "\"${SRCROOT}/Pods/Target Support Files/Pods-ios_iStyle/Pods-ios_iStyle-resources.sh\"\n";
			showEnvVarsInLog = 0;
		};
/* End PBXShellScriptBuildPhase section */

/* Begin PBXSourcesBuildPhase section */
		297017D61B54D6FC00CFB6A7 /* Sources */ = {
			isa = PBXSourcesBuildPhase;
			buildActionMask = 2147483647;
			files = (
				297017E31B54D6FC00CFB6A7 /* AppDelegate.m in Sources */,
				2970181A1B563B1C00CFB6A7 /* CollageElementView.m in Sources */,
				2913D2E71B57AF3B0039038C /* ImageCell.m in Sources */,
				2913D2E51B57AF3B0039038C /* SearchViewController.m in Sources */,
				2970180B1B54DE6A00CFB6A7 /* MainViewController.m in Sources */,
				297017E01B54D6FC00CFB6A7 /* main.m in Sources */,
				29AB0D921B57ED4A00096811 /* SXImageCell.m in Sources */,
				2913D2E91B57AF3B0039038C /* SearchRecord.m in Sources */,
				297018101B5606B600CFB6A7 /* Collage.m in Sources */,
				297018131B560F6D00CFB6A7 /* UIImage+CollagePreview.m in Sources */,
				290A8BC41B57EB9C00E10FA0 /* SXStackLayout.m in Sources */,
				290A8BC61B57EB9C00E10FA0 /* SXCircleLayout.m in Sources */,
				29C868DE1B56924900A3F0A9 /* UIView+ImageRender.m in Sources */,
				2970181D1B563C3A00CFB6A7 /* UIView+RelativeFrame.m in Sources */,
				290A8BC51B57EB9C00E10FA0 /* SXLineLayout.m in Sources */,
				290A8BCA1B57EBB200E10FA0 /* RootViewController.m in Sources */,
			);
			runOnlyForDeploymentPostprocessing = 0;
		};
		297017EF1B54D6FC00CFB6A7 /* Sources */ = {
			isa = PBXSourcesBuildPhase;
			buildActionMask = 2147483647;
			files = (
				297017FA1B54D6FC00CFB6A7 /* ios_iStyleTests.m in Sources */,
			);
			runOnlyForDeploymentPostprocessing = 0;
		};
/* End PBXSourcesBuildPhase section */

/* Begin PBXTargetDependency section */
		297017F51B54D6FC00CFB6A7 /* PBXTargetDependency */ = {
			isa = PBXTargetDependency;
			target = 297017D91B54D6FC00CFB6A7 /* ios_iStyle */;
			targetProxy = 297017F41B54D6FC00CFB6A7 /* PBXContainerItemProxy */;
		};
/* End PBXTargetDependency section */

/* Begin PBXVariantGroup section */
		297017EC1B54D6FC00CFB6A7 /* LaunchScreen.xib */ = {
			isa = PBXVariantGroup;
			children = (
				297017ED1B54D6FC00CFB6A7 /* Base */,
			);
			name = LaunchScreen.xib;
			sourceTree = "<group>";
		};
/* End PBXVariantGroup section */

/* Begin XCBuildConfiguration section */
		297017FB1B54D6FC00CFB6A7 /* Debug */ = {
			isa = XCBuildConfiguration;
			buildSettings = {
				ALWAYS_SEARCH_USER_PATHS = NO;
				CLANG_CXX_LANGUAGE_STANDARD = "gnu++0x";
				CLANG_CXX_LIBRARY = "libc++";
				CLANG_ENABLE_MODULES = YES;
				CLANG_ENABLE_OBJC_ARC = YES;
				CLANG_WARN_BOOL_CONVERSION = YES;
				CLANG_WARN_CONSTANT_CONVERSION = YES;
				CLANG_WARN_DIRECT_OBJC_ISA_USAGE = YES_ERROR;
				CLANG_WARN_EMPTY_BODY = YES;
				CLANG_WARN_ENUM_CONVERSION = YES;
				CLANG_WARN_INT_CONVERSION = YES;
				CLANG_WARN_OBJC_ROOT_CLASS = YES_ERROR;
				CLANG_WARN_UNREACHABLE_CODE = YES;
				CLANG_WARN__DUPLICATE_METHOD_MATCH = YES;
				"CODE_SIGN_IDENTITY[sdk=iphoneos*]" = "iPhone Developer";
				COPY_PHASE_STRIP = NO;
				DEBUG_INFORMATION_FORMAT = "dwarf-with-dsym";
				ENABLE_STRICT_OBJC_MSGSEND = YES;
				GCC_C_LANGUAGE_STANDARD = gnu99;
				GCC_DYNAMIC_NO_PIC = NO;
				GCC_NO_COMMON_BLOCKS = YES;
				GCC_OPTIMIZATION_LEVEL = 0;
				GCC_PREPROCESSOR_DEFINITIONS = (
					"DEBUG=1",
					"$(inherited)",
				);
				GCC_SYMBOLS_PRIVATE_EXTERN = NO;
				GCC_WARN_64_TO_32_BIT_CONVERSION = YES;
				GCC_WARN_ABOUT_RETURN_TYPE = YES_ERROR;
				GCC_WARN_UNDECLARED_SELECTOR = YES;
				GCC_WARN_UNINITIALIZED_AUTOS = YES_AGGRESSIVE;
				GCC_WARN_UNUSED_FUNCTION = YES;
				GCC_WARN_UNUSED_VARIABLE = YES;
				IPHONEOS_DEPLOYMENT_TARGET = 8.4;
				MTL_ENABLE_DEBUG_INFO = YES;
				ONLY_ACTIVE_ARCH = YES;
				SDKROOT = iphoneos;
			};
			name = Debug;
		};
		297017FC1B54D6FC00CFB6A7 /* Release */ = {
			isa = XCBuildConfiguration;
			buildSettings = {
				ALWAYS_SEARCH_USER_PATHS = NO;
				CLANG_CXX_LANGUAGE_STANDARD = "gnu++0x";
				CLANG_CXX_LIBRARY = "libc++";
				CLANG_ENABLE_MODULES = YES;
				CLANG_ENABLE_OBJC_ARC = YES;
				CLANG_WARN_BOOL_CONVERSION = YES;
				CLANG_WARN_CONSTANT_CONVERSION = YES;
				CLANG_WARN_DIRECT_OBJC_ISA_USAGE = YES_ERROR;
				CLANG_WARN_EMPTY_BODY = YES;
				CLANG_WARN_ENUM_CONVERSION = YES;
				CLANG_WARN_INT_CONVERSION = YES;
				CLANG_WARN_OBJC_ROOT_CLASS = YES_ERROR;
				CLANG_WARN_UNREACHABLE_CODE = YES;
				CLANG_WARN__DUPLICATE_METHOD_MATCH = YES;
				"CODE_SIGN_IDENTITY[sdk=iphoneos*]" = "iPhone Developer";
				COPY_PHASE_STRIP = NO;
				DEBUG_INFORMATION_FORMAT = "dwarf-with-dsym";
				ENABLE_NS_ASSERTIONS = NO;
				ENABLE_STRICT_OBJC_MSGSEND = YES;
				GCC_C_LANGUAGE_STANDARD = gnu99;
				GCC_NO_COMMON_BLOCKS = YES;
				GCC_WARN_64_TO_32_BIT_CONVERSION = YES;
				GCC_WARN_ABOUT_RETURN_TYPE = YES_ERROR;
				GCC_WARN_UNDECLARED_SELECTOR = YES;
				GCC_WARN_UNINITIALIZED_AUTOS = YES_AGGRESSIVE;
				GCC_WARN_UNUSED_FUNCTION = YES;
				GCC_WARN_UNUSED_VARIABLE = YES;
				IPHONEOS_DEPLOYMENT_TARGET = 8.4;
				MTL_ENABLE_DEBUG_INFO = NO;
				SDKROOT = iphoneos;
				VALIDATE_PRODUCT = YES;
			};
			name = Release;
		};
		297017FE1B54D6FC00CFB6A7 /* Debug */ = {
			isa = XCBuildConfiguration;
			baseConfigurationReference = 0C9DEA7D7BD9A06118FCB841 /* Pods-ios_iStyle.debug.xcconfig */;
			buildSettings = {
				ASSETCATALOG_COMPILER_APPICON_NAME = AppIcon;
				INFOPLIST_FILE = ios_iStyle/Info.plist;
				IPHONEOS_DEPLOYMENT_TARGET = 8.3;
				LD_RUNPATH_SEARCH_PATHS = "$(inherited) @executable_path/Frameworks";
				PRODUCT_NAME = "$(TARGET_NAME)";
				TARGETED_DEVICE_FAMILY = 1;
			};
			name = Debug;
		};
		297017FF1B54D6FC00CFB6A7 /* Release */ = {
			isa = XCBuildConfiguration;
			baseConfigurationReference = 87A9CEB768B19EFAB2450119 /* Pods-ios_iStyle.release.xcconfig */;
			buildSettings = {
				ASSETCATALOG_COMPILER_APPICON_NAME = AppIcon;
				INFOPLIST_FILE = ios_iStyle/Info.plist;
				IPHONEOS_DEPLOYMENT_TARGET = 8.3;
				LD_RUNPATH_SEARCH_PATHS = "$(inherited) @executable_path/Frameworks";
				PRODUCT_NAME = "$(TARGET_NAME)";
				TARGETED_DEVICE_FAMILY = 1;
			};
			name = Release;
		};
		297018011B54D6FC00CFB6A7 /* Debug */ = {
			isa = XCBuildConfiguration;
			buildSettings = {
				BUNDLE_LOADER = "$(TEST_HOST)";
				FRAMEWORK_SEARCH_PATHS = (
					"$(SDKROOT)/Developer/Library/Frameworks",
					"$(inherited)",
				);
				GCC_PREPROCESSOR_DEFINITIONS = (
					"DEBUG=1",
					"$(inherited)",
				);
				INFOPLIST_FILE = ios_iStyleTests/Info.plist;
				LD_RUNPATH_SEARCH_PATHS = "$(inherited) @executable_path/Frameworks @loader_path/Frameworks";
				PRODUCT_NAME = "$(TARGET_NAME)";
				TEST_HOST = "$(BUILT_PRODUCTS_DIR)/ios_iStyle.app/ios_iStyle";
			};
			name = Debug;
		};
		297018021B54D6FC00CFB6A7 /* Release */ = {
			isa = XCBuildConfiguration;
			buildSettings = {
				BUNDLE_LOADER = "$(TEST_HOST)";
				FRAMEWORK_SEARCH_PATHS = (
					"$(SDKROOT)/Developer/Library/Frameworks",
					"$(inherited)",
				);
				INFOPLIST_FILE = ios_iStyleTests/Info.plist;
				LD_RUNPATH_SEARCH_PATHS = "$(inherited) @executable_path/Frameworks @loader_path/Frameworks";
				PRODUCT_NAME = "$(TARGET_NAME)";
				TEST_HOST = "$(BUILT_PRODUCTS_DIR)/ios_iStyle.app/ios_iStyle";
			};
			name = Release;
		};
/* End XCBuildConfiguration section */

/* Begin XCConfigurationList section */
		297017D51B54D6FB00CFB6A7 /* Build configuration list for PBXProject "ios_iStyle" */ = {
			isa = XCConfigurationList;
			buildConfigurations = (
				297017FB1B54D6FC00CFB6A7 /* Debug */,
				297017FC1B54D6FC00CFB6A7 /* Release */,
			);
			defaultConfigurationIsVisible = 0;
			defaultConfigurationName = Release;
		};
		297017FD1B54D6FC00CFB6A7 /* Build configuration list for PBXNativeTarget "ios_iStyle" */ = {
			isa = XCConfigurationList;
			buildConfigurations = (
				297017FE1B54D6FC00CFB6A7 /* Debug */,
				297017FF1B54D6FC00CFB6A7 /* Release */,
			);
			defaultConfigurationIsVisible = 0;
			defaultConfigurationName = Release;
		};
		297018001B54D6FC00CFB6A7 /* Build configuration list for PBXNativeTarget "ios_iStyleTests" */ = {
			isa = XCConfigurationList;
			buildConfigurations = (
				297018011B54D6FC00CFB6A7 /* Debug */,
				297018021B54D6FC00CFB6A7 /* Release */,
			);
			defaultConfigurationIsVisible = 0;
			defaultConfigurationName = Release;
		};
/* End XCConfigurationList section */
	};
	rootObject = 297017D21B54D6FB00CFB6A7 /* Project object */;
}
